
Microsoft Visual Studio Solution File, Format Version 12.00
# Visual Studio Version 17
VisualStudioVersion = 17.1.32328.378
MinimumVisualStudioVersion = 10.0.40219.1
Project("{FAE04EC0-301F-11D3-BF4B-00C04F79EFBC}") = "FundoNotesEFCore", "FundoNotesEFCore.csproj", "{DB4C5004-11D8-4D2D-96A2-564E020750DD}"
EndProject
Project("{FAE04EC0-301F-11D3-BF4B-00C04F79EFBC}") = "BusinessLayer", "..\BusinessLayer\BusinessLayer.csproj", "{C15C53E3-09C0-4DE1-92A6-AA793C21B507}"
EndProject
Project("{FAE04EC0-301F-11D3-BF4B-00C04F79EFBC}") = "DatabaseLayer", "..\DatabaseLayer\DatabaseLayer.csproj", "{B876DFF2-DAA1-48A2-B146-CF609F8CE315}"
EndProject
Project("{FAE04EC0-301F-11D3-BF4B-00C04F79EFBC}") = "RepositoryLayer", "..\RepositoryLayer\RepositoryLayer.csproj", "{BD18D752-1710-4ACE-8214-A9CFED1232B7}"
EndProject
Global
	GlobalSection(SolutionConfigurationPlatforms) = preSolution
		Debug|Any CPU = Debug|Any CPU
		Release|Any CPU = Release|Any CPU
	EndGlobalSection
	GlobalSection(ProjectConfigurationPlatforms) = postSolution
		{DB4C5004-11D8-4D2D-96A2-564E020750DD}.Debug|Any CPU.ActiveCfg = Debug|Any CPU
		{DB4C5004-11D8-4D2D-96A2-564E020750DD}.Debug|Any CPU.Build.0 = Debug|Any CPU
		{DB4C5004-11D8-4D2D-96A2-564E020750DD}.Release|Any CPU.ActiveCfg = Release|Any CPU
		{DB4C5004-11D8-4D2D-96A2-564E020750DD}.Release|Any CPU.Build.0 = Release|Any CPU
		{C15C53E3-09C0-4DE1-92A6-AA793C21B507}.Debug|Any CPU.ActiveCfg = Debug|Any CPU
		{C15C53E3-09C0-4DE1-92A6-AA793C21B507}.Debug|Any CPU.Build.0 = Debug|Any CPU
		{C15C53E3-09C0-4DE1-92A6-AA793C21B507}.Release|Any CPU.ActiveCfg = Release|Any CPU
		{C15C53E3-09C0-4DE1-92A6-AA793C21B507}.Release|Any CPU.Build.0 = Release|Any CPU
		{B876DFF2-DAA1-48A2-B146-CF609F8CE315}.Debug|Any CPU.ActiveCfg = Debug|Any CPU
		{B876DFF2-DAA1-48A2-B146-CF609F8CE315}.Debug|Any CPU.Build.0 = Debug|Any CPU
		{B876DFF2-DAA1-48A2-B146-CF609F8CE315}.Release|Any CPU.ActiveCfg = Release|Any CPU
		{B876DFF2-DAA1-48A2-B146-CF609F8CE315}.Release|Any CPU.Build.0 = Release|Any CPU
		{BD18D752-1710-4ACE-8214-A9CFED1232B7}.Debug|Any CPU.ActiveCfg = Debug|Any CPU
		{BD18D752-1710-4ACE-8214-A9CFED1232B7}.Debug|Any CPU.Build.0 = Debug|Any CPU
		{BD18D752-1710-4ACE-8214-A9CFED1232B7}.Release|Any CPU.ActiveCfg = Release|Any CPU
		{BD18D752-1710-4ACE-8214-A9CFED1232B7}.Release|Any CPU.Build.0 = Release|Any CPU
	EndGlobalSection
	GlobalSection(SolutionProperties) = preSolution
		HideSolutionNode = FALSE
	EndGlobalSection
	GlobalSection(ExtensibilityGlobals) = postSolution
		SolutionGuid = {58849470-67E8-4C48-AEA3-171FD7212402}
	EndGlobalSection
EndGlobal
